
Microsoft Visual Studio Solution File, Format Version 12.00
# Visual Studio 15
VisualStudioVersion = 15.0.27004.2002
MinimumVisualStudioVersion = 10.0.40219.1
Project("{FAE04EC0-301F-11D3-BF4B-00C04F79EFBC}") = "InvestmentsWCF", "InvestmentsWCF\InvestmentsWCF.csproj", "{A71D129B-8F46-4A71-9113-E90BCBC2ADD2}"
EndProject
Project("{FAE04EC0-301F-11D3-BF4B-00C04F79EFBC}") = "InvestmentsWinForm", "InvestmentsWinForm\InvestmentsWinForm.csproj", "{6B05C1E3-34D4-4520-909B-3AEB26153A68}"
	ProjectSection(ProjectDependencies) = postProject
		{A71D129B-8F46-4A71-9113-E90BCBC2ADD2} = {A71D129B-8F46-4A71-9113-E90BCBC2ADD2}
	EndProjectSection
EndProject
Project("{FAE04EC0-301F-11D3-BF4B-00C04F79EFBC}") = "Simplex", "Simplex\Simplex.csproj", "{293C879E-54F9-4C44-A99B-08E4368958DF}"
EndProject
Project("{FAE04EC0-301F-11D3-BF4B-00C04F79EFBC}") = "Bionic", "Bionic\Bionic.csproj", "{026BC507-BA72-4623-AB70-5FD6A58C2A00}"
EndProject
Global
	GlobalSection(SolutionConfigurationPlatforms) = preSolution
		Debug|Any CPU = Debug|Any CPU
		Release|Any CPU = Release|Any CPU
	EndGlobalSection
	GlobalSection(ProjectConfigurationPlatforms) = postSolution
		{A71D129B-8F46-4A71-9113-E90BCBC2ADD2}.Debug|Any CPU.ActiveCfg = Debug|Any CPU
		{A71D129B-8F46-4A71-9113-E90BCBC2ADD2}.Debug|Any CPU.Build.0 = Debug|Any CPU
		{A71D129B-8F46-4A71-9113-E90BCBC2ADD2}.Release|Any CPU.ActiveCfg = Release|Any CPU
		{A71D129B-8F46-4A71-9113-E90BCBC2ADD2}.Release|Any CPU.Build.0 = Release|Any CPU
		{6B05C1E3-34D4-4520-909B-3AEB26153A68}.Debug|Any CPU.ActiveCfg = Debug|Any CPU
		{6B05C1E3-34D4-4520-909B-3AEB26153A68}.Debug|Any CPU.Build.0 = Debug|Any CPU
		{6B05C1E3-34D4-4520-909B-3AEB26153A68}.Release|Any CPU.ActiveCfg = Release|Any CPU
		{6B05C1E3-34D4-4520-909B-3AEB26153A68}.Release|Any CPU.Build.0 = Release|Any CPU
		{293C879E-54F9-4C44-A99B-08E4368958DF}.Debug|Any CPU.ActiveCfg = Debug|Any CPU
		{293C879E-54F9-4C44-A99B-08E4368958DF}.Debug|Any CPU.Build.0 = Debug|Any CPU
		{293C879E-54F9-4C44-A99B-08E4368958DF}.Release|Any CPU.ActiveCfg = Release|Any CPU
		{293C879E-54F9-4C44-A99B-08E4368958DF}.Release|Any CPU.Build.0 = Release|Any CPU
		{026BC507-BA72-4623-AB70-5FD6A58C2A00}.Debug|Any CPU.ActiveCfg = Debug|Any CPU
		{026BC507-BA72-4623-AB70-5FD6A58C2A00}.Debug|Any CPU.Build.0 = Debug|Any CPU
		{026BC507-BA72-4623-AB70-5FD6A58C2A00}.Release|Any CPU.ActiveCfg = Release|Any CPU
		{026BC507-BA72-4623-AB70-5FD6A58C2A00}.Release|Any CPU.Build.0 = Release|Any CPU
	EndGlobalSection
	GlobalSection(SolutionProperties) = preSolution
		HideSolutionNode = FALSE
	EndGlobalSection
	GlobalSection(ExtensibilityGlobals) = postSolution
		SolutionGuid = {45475126-9029-405C-B99C-C490DB53F0C8}
	EndGlobalSection
EndGlobal
